{
  "name": "firstapp",
  "version": "1.0.0",
  "lockfileVersion": 1,
  "requires": true,
  "dependencies": {
    "bitwise": {
      "version": "2.0.4",
      "resolved": "https://registry.npmjs.org/bitwise/-/bitwise-2.0.4.tgz",
      "integrity": "sha512-ZOByl1Sc8SH2/owfRfR1apaC1ELNqHqAAtfqs1Ixqk/9Bod6VxWz10MiMYXkNiL95RdFAqOGQxm1TCGPf1iFyw=="
    }
  }
}
